
Microsoft Visual Studio Solution File, Format Version 12.00
# Visual Studio Version 16
VisualStudioVersion = 16.0.28729.10
MinimumVisualStudioVersion = 10.0.40219.1
Project("{9A19103F-16F7-4668-BE54-9A1E7A4F7556}") = "ADK", "ADK\ADK.csproj", "{0DA17A1C-068E-4CCE-82A4-646E137CC121}"
EndProject
Project("{9A19103F-16F7-4668-BE54-9A1E7A4F7556}") = "ADK.Tests", "ADK.Tests\ADK.Tests.csproj", "{B8E35F4C-4324-48DE-97DB-6C9D083D59B1}"
EndProject
Project("{FAE04EC0-301F-11D3-BF4B-00C04F79EFBC}") = "ADK.Demo", "ADK.Demo\ADK.Demo.csproj", "{31551388-2945-4E56-9EDC-FDD96C36538D}"
	ProjectSection(ProjectDependencies) = postProject
		{0DA17A1C-068E-4CCE-82A4-646E137CC121} = {0DA17A1C-068E-4CCE-82A4-646E137CC121}
	EndProjectSection
EndProject
Project("{FAE04EC0-301F-11D3-BF4B-00C04F79EFBC}") = "DynamicSettings", "DynamicSettings\DynamicSettings.csproj", "{D04194DB-714F-4032-928E-959523936C5F}"
EndProject
Project("{FAE04EC0-301F-11D3-BF4B-00C04F79EFBC}") = "Planetarium", "Planetarium\Planetarium.csproj", "{BD5D4668-0D89-4A08-A669-739FF47CA03B}"
EndProject
Global
	GlobalSection(SolutionConfigurationPlatforms) = preSolution
		Debug|Any CPU = Debug|Any CPU
		Release|Any CPU = Release|Any CPU
	EndGlobalSection
	GlobalSection(ProjectConfigurationPlatforms) = postSolution
		{0DA17A1C-068E-4CCE-82A4-646E137CC121}.Debug|Any CPU.ActiveCfg = Debug|Any CPU
		{0DA17A1C-068E-4CCE-82A4-646E137CC121}.Debug|Any CPU.Build.0 = Debug|Any CPU
		{0DA17A1C-068E-4CCE-82A4-646E137CC121}.Release|Any CPU.ActiveCfg = Release|Any CPU
		{0DA17A1C-068E-4CCE-82A4-646E137CC121}.Release|Any CPU.Build.0 = Release|Any CPU
		{B8E35F4C-4324-48DE-97DB-6C9D083D59B1}.Debug|Any CPU.ActiveCfg = Debug|Any CPU
		{B8E35F4C-4324-48DE-97DB-6C9D083D59B1}.Debug|Any CPU.Build.0 = Debug|Any CPU
		{B8E35F4C-4324-48DE-97DB-6C9D083D59B1}.Release|Any CPU.ActiveCfg = Release|Any CPU
		{B8E35F4C-4324-48DE-97DB-6C9D083D59B1}.Release|Any CPU.Build.0 = Release|Any CPU
		{31551388-2945-4E56-9EDC-FDD96C36538D}.Debug|Any CPU.ActiveCfg = Debug|Any CPU
		{31551388-2945-4E56-9EDC-FDD96C36538D}.Debug|Any CPU.Build.0 = Debug|Any CPU
		{31551388-2945-4E56-9EDC-FDD96C36538D}.Release|Any CPU.ActiveCfg = Release|Any CPU
		{31551388-2945-4E56-9EDC-FDD96C36538D}.Release|Any CPU.Build.0 = Release|Any CPU
		{D04194DB-714F-4032-928E-959523936C5F}.Debug|Any CPU.ActiveCfg = Debug|Any CPU
		{D04194DB-714F-4032-928E-959523936C5F}.Debug|Any CPU.Build.0 = Debug|Any CPU
		{D04194DB-714F-4032-928E-959523936C5F}.Release|Any CPU.ActiveCfg = Release|Any CPU
		{D04194DB-714F-4032-928E-959523936C5F}.Release|Any CPU.Build.0 = Release|Any CPU
		{BD5D4668-0D89-4A08-A669-739FF47CA03B}.Debug|Any CPU.ActiveCfg = Debug|Any CPU
		{BD5D4668-0D89-4A08-A669-739FF47CA03B}.Debug|Any CPU.Build.0 = Debug|Any CPU
		{BD5D4668-0D89-4A08-A669-739FF47CA03B}.Release|Any CPU.ActiveCfg = Release|Any CPU
		{BD5D4668-0D89-4A08-A669-739FF47CA03B}.Release|Any CPU.Build.0 = Release|Any CPU
	EndGlobalSection
	GlobalSection(SolutionProperties) = preSolution
		HideSolutionNode = FALSE
	EndGlobalSection
	GlobalSection(ExtensibilityGlobals) = postSolution
		SolutionGuid = {2B0ACB31-F877-4BB0-B6DF-D6FB19069CE6}
	EndGlobalSection
EndGlobal
