
Microsoft Visual Studio Solution File, Format Version 12.00
# Visual Studio 15
VisualStudioVersion = 15.0.28010.2003
MinimumVisualStudioVersion = 10.0.40219.1
Project("{FAE04EC0-301F-11D3-BF4B-00C04F79EFBC}") = "ADK", "ADK\ADK.csproj", "{0DA17A1C-068E-4CCE-82A4-646E137CC121}"
EndProject
Project("{FAE04EC0-301F-11D3-BF4B-00C04F79EFBC}") = "ADK.Tests", "ADK.Tests\ADK.Tests.csproj", "{B8E35F4C-4324-48DE-97DB-6C9D083D59B1}"
EndProject
Global
	GlobalSection(SolutionConfigurationPlatforms) = preSolution
		Debug|Any CPU = Debug|Any CPU
		Release|Any CPU = Release|Any CPU
	EndGlobalSection
	GlobalSection(ProjectConfigurationPlatforms) = postSolution
		{0DA17A1C-068E-4CCE-82A4-646E137CC121}.Debug|Any CPU.ActiveCfg = Debug|Any CPU
		{0DA17A1C-068E-4CCE-82A4-646E137CC121}.Debug|Any CPU.Build.0 = Debug|Any CPU
		{0DA17A1C-068E-4CCE-82A4-646E137CC121}.Release|Any CPU.ActiveCfg = Release|Any CPU
		{0DA17A1C-068E-4CCE-82A4-646E137CC121}.Release|Any CPU.Build.0 = Release|Any CPU
		{B8E35F4C-4324-48DE-97DB-6C9D083D59B1}.Debug|Any CPU.ActiveCfg = Debug|Any CPU
		{B8E35F4C-4324-48DE-97DB-6C9D083D59B1}.Debug|Any CPU.Build.0 = Debug|Any CPU
		{B8E35F4C-4324-48DE-97DB-6C9D083D59B1}.Release|Any CPU.ActiveCfg = Release|Any CPU
		{B8E35F4C-4324-48DE-97DB-6C9D083D59B1}.Release|Any CPU.Build.0 = Release|Any CPU
	EndGlobalSection
	GlobalSection(SolutionProperties) = preSolution
		HideSolutionNode = FALSE
	EndGlobalSection
	GlobalSection(ExtensibilityGlobals) = postSolution
		SolutionGuid = {2B0ACB31-F877-4BB0-B6DF-D6FB19069CE6}
	EndGlobalSection
EndGlobal
