
Microsoft Visual Studio Solution File, Format Version 12.00
# Visual Studio Version 16
VisualStudioVersion = 16.0.28729.10
MinimumVisualStudioVersion = 10.0.40219.1
Project("{9A19103F-16F7-4668-BE54-9A1E7A4F7556}") = "Astrarium", "Astrarium\Astrarium.csproj", "{BD5D4668-0D89-4A08-A669-739FF47CA03B}"
	ProjectSection(ProjectDependencies) = postProject
		{58EA126A-1037-4976-B212-8DBAE98B7D78} = {58EA126A-1037-4976-B212-8DBAE98B7D78}
	EndProjectSection
EndProject
Project("{9A19103F-16F7-4668-BE54-9A1E7A4F7556}") = "Astrarium.Algorithms", "Astrarium.Algorithms\Astrarium.Algorithms.csproj", "{0DA17A1C-068E-4CCE-82A4-646E137CC121}"
EndProject
Project("{9A19103F-16F7-4668-BE54-9A1E7A4F7556}") = "Astrarium.Algorithms.Tests", "Astrarium.Algorithms.Tests\Astrarium.Algorithms.Tests.csproj", "{B8E35F4C-4324-48DE-97DB-6C9D083D59B1}"
EndProject
Project("{9A19103F-16F7-4668-BE54-9A1E7A4F7556}") = "Astrarium.Types", "Astrarium.Types\Astrarium.Types.csproj", "{098854D6-DFD9-4A4A-8657-CE0323DB0DB2}"
EndProject
Project("{9A19103F-16F7-4668-BE54-9A1E7A4F7556}") = "Astrarium.Plugins.Tycho2", "Astrarium.Plugins.Tycho2\Astrarium.Plugins.Tycho2.csproj", "{58EA126A-1037-4976-B212-8DBAE98B7D78}"
EndProject
Project("{9A19103F-16F7-4668-BE54-9A1E7A4F7556}") = "Astrarium.Plugins.MinorBodies", "Astrarium.Plugins.MinorBodies\Astrarium.Plugins.MinorBodies.csproj", "{9CF722AF-7050-49B7-9BCE-0AC45C85177E}"
EndProject
Project("{9A19103F-16F7-4668-BE54-9A1E7A4F7556}") = "Astrarium.Plugins.DeepSky", "Astrarium.Plugins.DeepSky\Astrarium.Plugins.DeepSky.csproj", "{AB24287B-143D-4EC6-B7FA-E2B1446F5B61}"
EndProject
Project("{9A19103F-16F7-4668-BE54-9A1E7A4F7556}") = "Astrarium.Plugins.MilkyWay", "Astrarium.Plugins.MilkyWay\Astrarium.Plugins.MilkyWay.csproj", "{DBC267BF-13CF-4E44-AD9E-570325756BF2}"
EndProject
Project("{9A19103F-16F7-4668-BE54-9A1E7A4F7556}") = "Astrarium.Plugins.Horizon", "Astrarium.Plugins.Horizon\Astrarium.Plugins.Horizon.csproj", "{5C274D19-935F-4582-9273-B6A0E0790E5A}"
EndProject
Project("{9A19103F-16F7-4668-BE54-9A1E7A4F7556}") = "Astrarium.Plugins.SolarSystem", "Astrarium.Plugins.SolarSystem\Astrarium.Plugins.SolarSystem.csproj", "{F739AA16-72B5-452F-890B-A16AB65ACDA9}"
EndProject
Project("{9A19103F-16F7-4668-BE54-9A1E7A4F7556}") = "Astrarium.Plugins.Grids", "Astrarium.Plugins.Grids\Astrarium.Plugins.Grids.csproj", "{5B94F55F-7DEF-4B41-B679-2099F9EC1F69}"
EndProject
Project("{9A19103F-16F7-4668-BE54-9A1E7A4F7556}") = "Astrarium.Plugins.Tracks", "Astrarium.Plugins.Tracks\Astrarium.Plugins.Tracks.csproj", "{B2B0E9E1-7C22-492A-89E5-1852B8B63EB6}"
EndProject
Project("{9A19103F-16F7-4668-BE54-9A1E7A4F7556}") = "Astrarium.Plugins.MeasureTool", "Astrarium.Plugins.MeasureTool\Astrarium.Plugins.MeasureTool.csproj", "{1FDDAC1F-94DC-49F6-9438-B0B93FCF70E7}"
EndProject
Project("{9A19103F-16F7-4668-BE54-9A1E7A4F7556}") = "Astrarium.Plugins.Constellations", "Astrarium.Plugins.Constellations\Astrarium.Plugins.Constellations.csproj", "{02AAB521-B50D-47C5-B01B-77C5F506A890}"
EndProject
Project("{9A19103F-16F7-4668-BE54-9A1E7A4F7556}") = "Astrarium.Plugins.BrightStars", "Astrarium.Plugins.BrightStars\Astrarium.Plugins.BrightStars.csproj", "{F6C83D37-02D7-41A3-B9E9-C5DE0C29F0CA}"
EndProject
Project("{9A19103F-16F7-4668-BE54-9A1E7A4F7556}") = "Astrarium.Plugins.FOV", "Astrarium.Plugins.FOV\Astrarium.Plugins.FOV.csproj", "{A9BC8A28-2355-4042-8BE6-8B8B54EDE492}"
EndProject
Project("{9A19103F-16F7-4668-BE54-9A1E7A4F7556}") = "Astrarium.Plugins.ASCOM", "Astrarium.Plugins.ASCOM\Astrarium.Plugins.ASCOM.csproj", "{CBF8E153-1D3E-43D7-8F3A-05CC8BFB56A9}"
EndProject
Project("{2150E333-8FDC-42A3-9474-1A3956D46DE8}") = "Solution Items", "Solution Items", "{A73C5FA1-DF83-464C-B4C7-3369E3BA519F}"
	ProjectSection(SolutionItems) = preProject
		deploy.bat = deploy.bat
		Directory.Build.props = Directory.Build.props
		LICENSE = LICENSE
	EndProjectSection
EndProject
Project("{9A19103F-16F7-4668-BE54-9A1E7A4F7556}") = "Astrarium.Plugins.Eclipses", "Astrarium.Plugins.Eclipses\Astrarium.Plugins.Eclipses.csproj", "{4928AC5C-135C-4FA2-8E48-8F1BE4D921EC}"
EndProject
Project("{9A19103F-16F7-4668-BE54-9A1E7A4F7556}") = "Astrarium.Plugins.JupiterMoons", "Astrarium.Plugins.JupiterMoons\Astrarium.Plugins.JupiterMoons.csproj", "{E7FEE116-6603-4554-8285-3AD3D44C77B9}"
EndProject
Project("{9A19103F-16F7-4668-BE54-9A1E7A4F7556}") = "Astrarium.Plugins.Meteors", "Astrarium.Plugins.Meteors\Astrarium.Plugins.Meteors.csproj", "{27EC196C-5435-4151-B557-C2936FC5EC69}"
EndProject
Project("{9A19103F-16F7-4668-BE54-9A1E7A4F7556}") = "Astrarium.Plugins.Novae", "Astrarium.Plugins.Novae\Astrarium.Plugins.Novae.csproj", "{2F383171-C891-410C-A00F-1BB16873131A}"
EndProject
Project("{9A19103F-16F7-4668-BE54-9A1E7A4F7556}") = "Astrarium.Plugins.Planner", "Astrarium.Plugins.Planner\Astrarium.Plugins.Planner.csproj", "{50C3B6A6-7F9E-4791-A60B-67DDAFB83F8A}"
EndProject
Project("{9A19103F-16F7-4668-BE54-9A1E7A4F7556}") = "Astrarium.Plugins.UCAC4", "Astrarium.Plugins.UCAC4\Astrarium.Plugins.UCAC4.csproj", "{DE948749-702B-421C-8ED5-D7051EEE0E7A}"
EndProject
Project("{9A19103F-16F7-4668-BE54-9A1E7A4F7556}") = "Astrarium.Plugins.Journal", "Astrarium.Plugins.Journal\Astrarium.Plugins.Journal.csproj", "{0D437586-9C23-4006-90E5-DAC90A273B18}"
EndProject
Project("{FAE04EC0-301F-11D3-BF4B-00C04F79EFBC}") = "Astrarium.Plugins.Atmosphere", "Astrarium.Plugins.Atmosphere\Astrarium.Plugins.Atmosphere.csproj", "{EEF93569-6B78-425F-BB63-941037BDF22C}"
EndProject
Global
	GlobalSection(SolutionConfigurationPlatforms) = preSolution
		Debug|Any CPU = Debug|Any CPU
		Release|Any CPU = Release|Any CPU
	EndGlobalSection
	GlobalSection(ProjectConfigurationPlatforms) = postSolution
		{BD5D4668-0D89-4A08-A669-739FF47CA03B}.Debug|Any CPU.ActiveCfg = Debug|Any CPU
		{BD5D4668-0D89-4A08-A669-739FF47CA03B}.Debug|Any CPU.Build.0 = Debug|Any CPU
		{BD5D4668-0D89-4A08-A669-739FF47CA03B}.Release|Any CPU.ActiveCfg = Release|Any CPU
		{BD5D4668-0D89-4A08-A669-739FF47CA03B}.Release|Any CPU.Build.0 = Release|Any CPU
		{0DA17A1C-068E-4CCE-82A4-646E137CC121}.Debug|Any CPU.ActiveCfg = Debug|Any CPU
		{0DA17A1C-068E-4CCE-82A4-646E137CC121}.Debug|Any CPU.Build.0 = Debug|Any CPU
		{0DA17A1C-068E-4CCE-82A4-646E137CC121}.Release|Any CPU.ActiveCfg = Release|Any CPU
		{0DA17A1C-068E-4CCE-82A4-646E137CC121}.Release|Any CPU.Build.0 = Release|Any CPU
		{B8E35F4C-4324-48DE-97DB-6C9D083D59B1}.Debug|Any CPU.ActiveCfg = Debug|Any CPU
		{B8E35F4C-4324-48DE-97DB-6C9D083D59B1}.Debug|Any CPU.Build.0 = Debug|Any CPU
		{B8E35F4C-4324-48DE-97DB-6C9D083D59B1}.Release|Any CPU.ActiveCfg = Release|Any CPU
		{B8E35F4C-4324-48DE-97DB-6C9D083D59B1}.Release|Any CPU.Build.0 = Release|Any CPU
		{098854D6-DFD9-4A4A-8657-CE0323DB0DB2}.Debug|Any CPU.ActiveCfg = Debug|Any CPU
		{098854D6-DFD9-4A4A-8657-CE0323DB0DB2}.Debug|Any CPU.Build.0 = Debug|Any CPU
		{098854D6-DFD9-4A4A-8657-CE0323DB0DB2}.Release|Any CPU.ActiveCfg = Release|Any CPU
		{098854D6-DFD9-4A4A-8657-CE0323DB0DB2}.Release|Any CPU.Build.0 = Release|Any CPU
		{58EA126A-1037-4976-B212-8DBAE98B7D78}.Debug|Any CPU.ActiveCfg = Debug|Any CPU
		{58EA126A-1037-4976-B212-8DBAE98B7D78}.Debug|Any CPU.Build.0 = Debug|Any CPU
		{58EA126A-1037-4976-B212-8DBAE98B7D78}.Release|Any CPU.ActiveCfg = Release|Any CPU
		{58EA126A-1037-4976-B212-8DBAE98B7D78}.Release|Any CPU.Build.0 = Release|Any CPU
		{9CF722AF-7050-49B7-9BCE-0AC45C85177E}.Debug|Any CPU.ActiveCfg = Debug|Any CPU
		{9CF722AF-7050-49B7-9BCE-0AC45C85177E}.Debug|Any CPU.Build.0 = Debug|Any CPU
		{9CF722AF-7050-49B7-9BCE-0AC45C85177E}.Release|Any CPU.ActiveCfg = Release|Any CPU
		{9CF722AF-7050-49B7-9BCE-0AC45C85177E}.Release|Any CPU.Build.0 = Release|Any CPU
		{AB24287B-143D-4EC6-B7FA-E2B1446F5B61}.Debug|Any CPU.ActiveCfg = Debug|Any CPU
		{AB24287B-143D-4EC6-B7FA-E2B1446F5B61}.Debug|Any CPU.Build.0 = Debug|Any CPU
		{AB24287B-143D-4EC6-B7FA-E2B1446F5B61}.Release|Any CPU.ActiveCfg = Release|Any CPU
		{AB24287B-143D-4EC6-B7FA-E2B1446F5B61}.Release|Any CPU.Build.0 = Release|Any CPU
		{DBC267BF-13CF-4E44-AD9E-570325756BF2}.Debug|Any CPU.ActiveCfg = Debug|Any CPU
		{DBC267BF-13CF-4E44-AD9E-570325756BF2}.Debug|Any CPU.Build.0 = Debug|Any CPU
		{DBC267BF-13CF-4E44-AD9E-570325756BF2}.Release|Any CPU.ActiveCfg = Release|Any CPU
		{DBC267BF-13CF-4E44-AD9E-570325756BF2}.Release|Any CPU.Build.0 = Release|Any CPU
		{5C274D19-935F-4582-9273-B6A0E0790E5A}.Debug|Any CPU.ActiveCfg = Debug|Any CPU
		{5C274D19-935F-4582-9273-B6A0E0790E5A}.Debug|Any CPU.Build.0 = Debug|Any CPU
		{5C274D19-935F-4582-9273-B6A0E0790E5A}.Release|Any CPU.ActiveCfg = Release|Any CPU
		{5C274D19-935F-4582-9273-B6A0E0790E5A}.Release|Any CPU.Build.0 = Release|Any CPU
		{F739AA16-72B5-452F-890B-A16AB65ACDA9}.Debug|Any CPU.ActiveCfg = Debug|Any CPU
		{F739AA16-72B5-452F-890B-A16AB65ACDA9}.Debug|Any CPU.Build.0 = Debug|Any CPU
		{F739AA16-72B5-452F-890B-A16AB65ACDA9}.Release|Any CPU.ActiveCfg = Release|Any CPU
		{F739AA16-72B5-452F-890B-A16AB65ACDA9}.Release|Any CPU.Build.0 = Release|Any CPU
		{5B94F55F-7DEF-4B41-B679-2099F9EC1F69}.Debug|Any CPU.ActiveCfg = Debug|Any CPU
		{5B94F55F-7DEF-4B41-B679-2099F9EC1F69}.Debug|Any CPU.Build.0 = Debug|Any CPU
		{5B94F55F-7DEF-4B41-B679-2099F9EC1F69}.Release|Any CPU.ActiveCfg = Release|Any CPU
		{5B94F55F-7DEF-4B41-B679-2099F9EC1F69}.Release|Any CPU.Build.0 = Release|Any CPU
		{B2B0E9E1-7C22-492A-89E5-1852B8B63EB6}.Debug|Any CPU.ActiveCfg = Debug|Any CPU
		{B2B0E9E1-7C22-492A-89E5-1852B8B63EB6}.Debug|Any CPU.Build.0 = Debug|Any CPU
		{B2B0E9E1-7C22-492A-89E5-1852B8B63EB6}.Release|Any CPU.ActiveCfg = Release|Any CPU
		{B2B0E9E1-7C22-492A-89E5-1852B8B63EB6}.Release|Any CPU.Build.0 = Release|Any CPU
		{1FDDAC1F-94DC-49F6-9438-B0B93FCF70E7}.Debug|Any CPU.ActiveCfg = Debug|Any CPU
		{1FDDAC1F-94DC-49F6-9438-B0B93FCF70E7}.Debug|Any CPU.Build.0 = Debug|Any CPU
		{1FDDAC1F-94DC-49F6-9438-B0B93FCF70E7}.Release|Any CPU.ActiveCfg = Release|Any CPU
		{1FDDAC1F-94DC-49F6-9438-B0B93FCF70E7}.Release|Any CPU.Build.0 = Release|Any CPU
		{02AAB521-B50D-47C5-B01B-77C5F506A890}.Debug|Any CPU.ActiveCfg = Debug|Any CPU
		{02AAB521-B50D-47C5-B01B-77C5F506A890}.Debug|Any CPU.Build.0 = Debug|Any CPU
		{02AAB521-B50D-47C5-B01B-77C5F506A890}.Release|Any CPU.ActiveCfg = Release|Any CPU
		{02AAB521-B50D-47C5-B01B-77C5F506A890}.Release|Any CPU.Build.0 = Release|Any CPU
		{F6C83D37-02D7-41A3-B9E9-C5DE0C29F0CA}.Debug|Any CPU.ActiveCfg = Debug|Any CPU
		{F6C83D37-02D7-41A3-B9E9-C5DE0C29F0CA}.Debug|Any CPU.Build.0 = Debug|Any CPU
		{F6C83D37-02D7-41A3-B9E9-C5DE0C29F0CA}.Release|Any CPU.ActiveCfg = Release|Any CPU
		{F6C83D37-02D7-41A3-B9E9-C5DE0C29F0CA}.Release|Any CPU.Build.0 = Release|Any CPU
		{A9BC8A28-2355-4042-8BE6-8B8B54EDE492}.Debug|Any CPU.ActiveCfg = Debug|Any CPU
		{A9BC8A28-2355-4042-8BE6-8B8B54EDE492}.Debug|Any CPU.Build.0 = Debug|Any CPU
		{A9BC8A28-2355-4042-8BE6-8B8B54EDE492}.Release|Any CPU.ActiveCfg = Release|Any CPU
		{A9BC8A28-2355-4042-8BE6-8B8B54EDE492}.Release|Any CPU.Build.0 = Release|Any CPU
		{CBF8E153-1D3E-43D7-8F3A-05CC8BFB56A9}.Debug|Any CPU.ActiveCfg = Debug|Any CPU
		{CBF8E153-1D3E-43D7-8F3A-05CC8BFB56A9}.Debug|Any CPU.Build.0 = Debug|Any CPU
		{CBF8E153-1D3E-43D7-8F3A-05CC8BFB56A9}.Release|Any CPU.ActiveCfg = Release|Any CPU
		{CBF8E153-1D3E-43D7-8F3A-05CC8BFB56A9}.Release|Any CPU.Build.0 = Release|Any CPU
		{4928AC5C-135C-4FA2-8E48-8F1BE4D921EC}.Debug|Any CPU.ActiveCfg = Debug|Any CPU
		{4928AC5C-135C-4FA2-8E48-8F1BE4D921EC}.Debug|Any CPU.Build.0 = Debug|Any CPU
		{4928AC5C-135C-4FA2-8E48-8F1BE4D921EC}.Release|Any CPU.ActiveCfg = Release|Any CPU
		{4928AC5C-135C-4FA2-8E48-8F1BE4D921EC}.Release|Any CPU.Build.0 = Release|Any CPU
		{E7FEE116-6603-4554-8285-3AD3D44C77B9}.Debug|Any CPU.ActiveCfg = Debug|Any CPU
		{E7FEE116-6603-4554-8285-3AD3D44C77B9}.Debug|Any CPU.Build.0 = Debug|Any CPU
		{E7FEE116-6603-4554-8285-3AD3D44C77B9}.Release|Any CPU.ActiveCfg = Release|Any CPU
		{E7FEE116-6603-4554-8285-3AD3D44C77B9}.Release|Any CPU.Build.0 = Release|Any CPU
		{27EC196C-5435-4151-B557-C2936FC5EC69}.Debug|Any CPU.ActiveCfg = Debug|Any CPU
		{27EC196C-5435-4151-B557-C2936FC5EC69}.Debug|Any CPU.Build.0 = Debug|Any CPU
		{27EC196C-5435-4151-B557-C2936FC5EC69}.Release|Any CPU.ActiveCfg = Release|Any CPU
		{27EC196C-5435-4151-B557-C2936FC5EC69}.Release|Any CPU.Build.0 = Release|Any CPU
		{2F383171-C891-410C-A00F-1BB16873131A}.Debug|Any CPU.ActiveCfg = Debug|Any CPU
		{2F383171-C891-410C-A00F-1BB16873131A}.Debug|Any CPU.Build.0 = Debug|Any CPU
		{2F383171-C891-410C-A00F-1BB16873131A}.Release|Any CPU.ActiveCfg = Release|Any CPU
		{2F383171-C891-410C-A00F-1BB16873131A}.Release|Any CPU.Build.0 = Release|Any CPU
		{50C3B6A6-7F9E-4791-A60B-67DDAFB83F8A}.Debug|Any CPU.ActiveCfg = Debug|Any CPU
		{50C3B6A6-7F9E-4791-A60B-67DDAFB83F8A}.Debug|Any CPU.Build.0 = Debug|Any CPU
		{50C3B6A6-7F9E-4791-A60B-67DDAFB83F8A}.Release|Any CPU.ActiveCfg = Release|Any CPU
		{50C3B6A6-7F9E-4791-A60B-67DDAFB83F8A}.Release|Any CPU.Build.0 = Release|Any CPU
		{DE948749-702B-421C-8ED5-D7051EEE0E7A}.Debug|Any CPU.ActiveCfg = Debug|Any CPU
		{DE948749-702B-421C-8ED5-D7051EEE0E7A}.Debug|Any CPU.Build.0 = Debug|Any CPU
		{DE948749-702B-421C-8ED5-D7051EEE0E7A}.Release|Any CPU.ActiveCfg = Release|Any CPU
		{DE948749-702B-421C-8ED5-D7051EEE0E7A}.Release|Any CPU.Build.0 = Release|Any CPU
		{0D437586-9C23-4006-90E5-DAC90A273B18}.Debug|Any CPU.ActiveCfg = Debug|Any CPU
		{0D437586-9C23-4006-90E5-DAC90A273B18}.Debug|Any CPU.Build.0 = Debug|Any CPU
		{0D437586-9C23-4006-90E5-DAC90A273B18}.Release|Any CPU.ActiveCfg = Release|Any CPU
		{0D437586-9C23-4006-90E5-DAC90A273B18}.Release|Any CPU.Build.0 = Release|Any CPU
		{EEF93569-6B78-425F-BB63-941037BDF22C}.Debug|Any CPU.ActiveCfg = Debug|Any CPU
		{EEF93569-6B78-425F-BB63-941037BDF22C}.Debug|Any CPU.Build.0 = Debug|Any CPU
		{EEF93569-6B78-425F-BB63-941037BDF22C}.Release|Any CPU.ActiveCfg = Release|Any CPU
		{EEF93569-6B78-425F-BB63-941037BDF22C}.Release|Any CPU.Build.0 = Release|Any CPU
	EndGlobalSection
	GlobalSection(SolutionProperties) = preSolution
		HideSolutionNode = FALSE
	EndGlobalSection
	GlobalSection(ExtensibilityGlobals) = postSolution
		SolutionGuid = {2B0ACB31-F877-4BB0-B6DF-D6FB19069CE6}
	EndGlobalSection
EndGlobal
